schema_version = "mcpact.lock.v1"
package_name = "corcept-mcp"
package_version = "0.5.0"
generator = "mcpact-generate 0.1.0"
trust = "Reviewed"
source_manifest_sha256 = "70f86d6b7e83a5d7902fd7769d8c8281049125f712518eeb850ee9f6cf21debc"

[[generated_files]]
path = ".mcpact/hosts/axiom.json"
bytes = 662
sha256 = "408893bbe55b56c4182583501cc2c6bb1a74ed3410cc07a350756a5b00d500e5"

[[generated_files]]
path = ".mcpact/hosts/claude.json"
bytes = 133
sha256 = "60d906fdc04ccf13d13fc559941d393a0f1da952bd7f526b39d4e5815f6664ee"

[[generated_files]]
path = ".mcpact/hosts/codex.toml"
bytes = 194
sha256 = "a06d0272f58cae25df59e72291954a41418ee6d0126ac20734308aa8aca564de"

[[generated_files]]
path = ".mcpact/hosts/cursor.json"
bytes = 133
sha256 = "60d906fdc04ccf13d13fc559941d393a0f1da952bd7f526b39d4e5815f6664ee"

[[generated_files]]
path = ".mcpact/source.mcpact.toml"
bytes = 16230
sha256 = "70f86d6b7e83a5d7902fd7769d8c8281049125f712518eeb850ee9f6cf21debc"

[[generated_files]]
path = ".mcpact/tools/corcept_audit_verify.json"
bytes = 1139
sha256 = "5eacdb486b804afe3f231aa7569cbb9f2fff6d75a82d4a1a05a79c8801cb888a"

[[generated_files]]
path = ".mcpact/tools/corcept_doctor.json"
bytes = 1272
sha256 = "d96a7cce5c4c4c659bf716ed2782187a7dc6fb219e06ffae480560b720684f18"

[[generated_files]]
path = ".mcpact/tools/corcept_export_cloudevents.json"
bytes = 1097
sha256 = "a6e22d797c7bc3e4d30e93d406fa8147cdf1456bfd39b8c346ee08a6659b5e7b"

[[generated_files]]
path = ".mcpact/tools/corcept_hook_after_file_write.json"
bytes = 515
sha256 = "ae6253759044a299fe19f850d605f0d0c37910560a3de4ba569003ebf1947675"

[[generated_files]]
path = ".mcpact/tools/corcept_hook_after_run.json"
bytes = 502
sha256 = "1f2936291e9a2312f05982f2fa5d3ed0dfea9240d9e44c31571d24c0098b8cbc"

[[generated_files]]
path = ".mcpact/tools/corcept_hook_after_subprocess_exit.json"
bytes = 537
sha256 = "378d46d45bf5251fc22cd68ea8ce07100082aeb13dea59ec681c0b16ba6851c8"

[[generated_files]]
path = ".mcpact/tools/corcept_hook_before_file_write.json"
bytes = 523
sha256 = "568ae92769b0e9f66b177871384cba9293987b60f0cd85f2a951f5696eac708d"

[[generated_files]]
path = ".mcpact/tools/corcept_hook_before_final_answer.json"
bytes = 556
sha256 = "a33897bc92f440008a95c6246d83270550eb007cc57cd0378792840f2b57d6bb"

[[generated_files]]
path = ".mcpact/tools/corcept_hook_before_network_access.json"
bytes = 550
sha256 = "d3859c7af6749f132b879e976bd2c91f2a9f8f77b42c865202f15c0828288a0c"

[[generated_files]]
path = ".mcpact/tools/corcept_hook_before_run.json"
bytes = 538
sha256 = "e1d0846bf55b638f0f7c635472b38db3e5120ed3e2a2dbdd663c9da78c0edef0"

[[generated_files]]
path = ".mcpact/tools/corcept_hook_before_subprocess_spawn.json"
bytes = 578
sha256 = "c6ab45adc1613706ec456d1626a96f5237c15968c07db762d45e1f4c6d278102"

[[generated_files]]
path = ".mcpact/tools/corcept_hook_on_claim_emitted.json"
bytes = 532
sha256 = "0d3dfdd301cffd534c1b45ce8b2eeb83529809b0d4f337fe68a610313973f5fe"

[[generated_files]]
path = ".mcpact/tools/corcept_hook_on_error.json"
bytes = 480
sha256 = "da588bc231d5ab1344396eb358f7525f4d759f82caf89b30f6c34e4d5f55ddb5"

[[generated_files]]
path = ".mcpact/tools/corcept_hook_posttool_audit.json"
bytes = 640
sha256 = "86fb4e6a6368dd223f4b4d852217e413b5ef865207bedf0a40c84f9a0c194fb0"

[[generated_files]]
path = ".mcpact/tools/corcept_hook_pretool_guard.json"
bytes = 668
sha256 = "8177c72aaed0e6f8a7130893648169fb53e4a7ba6f8f03c239d168f0ea6c7120"

[[generated_files]]
path = ".mcpact/tools/corcept_hook_session_start.json"
bytes = 524
sha256 = "dac60b166d799ecf1ce84b680477d3e2fab7015c1f9c6e5e7982dabaefa24385"

[[generated_files]]
path = ".mcpact/tools/corcept_hook_stop_check.json"
bytes = 552
sha256 = "d50dd58da692f4808a6e911c14d4c5a82dca584dde382c5cf2708cfc0cb7f9a0"

[[generated_files]]
path = ".mcpact/tools/corcept_hook_user_prompt_submit.json"
bytes = 542
sha256 = "c77d68b539b5c8c2a1ac20e0a8e877d00722e647b6ee27f9d27260c1e924a524"

[[generated_files]]
path = ".mcpact/tools/corcept_key_generate.json"
bytes = 855
sha256 = "995c04cf814fcd6eb84234635a38b214a97220c99ce4d5346bc074f3c4c9a35a"

[[generated_files]]
path = ".mcpact/tools/corcept_memory_promote.json"
bytes = 1486
sha256 = "287cc17fba1869729f6b15f36c516c950e347adfd56b0a7fca3ce75ee8da7fe9"

[[generated_files]]
path = "Cargo.toml"
bytes = 916
sha256 = "6372e9b60ae836c0ea5a6f58e233a58e8fde6de7cda5ff029109b9589bb00c16"

[[generated_files]]
path = "README.md"
bytes = 4053
sha256 = "a1b8a56ffead5e1c00e1325ff03a883f67178b9b3883629007807edf97da2c95"

[[generated_files]]
path = "src/main.rs"
bytes = 1891
sha256 = "6f57ee39e2bb4921da39a899743db4d81481dc2705e4bbc7e965fb503c2e205f"

[[generated_files]]
path = "src/server_config.rs"
bytes = 3361
sha256 = "d4861f3ca26896d4041665a2fea2d20e28662cc3bd506a1fbc024dd8ded5f5bc"

[[generated_files]]
path = "src/tests.rs"
bytes = 12703
sha256 = "05c673e3719cec8b8cbab8b0f47857efee5fc5ad8d21244c5a40bd939f6e1c16"

[[generated_files]]
path = "src/tools/corcept_audit_verify.rs"
bytes = 5718
sha256 = "360bee48eb2876e40df7e3b01c82200518e40d69e1ceffe8da96f5f35a2d359f"

[[generated_files]]
path = "src/tools/corcept_doctor.rs"
bytes = 5627
sha256 = "5b6a84ebb5077c7f73e22f8920892748ec7d5f17f177faf863ef90208c44861d"

[[generated_files]]
path = "src/tools/corcept_export_cloudevents.rs"
bytes = 5780
sha256 = "9f8ea25c4a05a2cedf467b92a17d0d2d18823a2eb46b73543e2c9083faf84d41"

[[generated_files]]
path = "src/tools/corcept_hook_after_file_write.rs"
bytes = 5369
sha256 = "333f5ef66f4521be3ab87d1950c66cc59c6812f3f0b474b6d03eadb627d28eba"

[[generated_files]]
path = "src/tools/corcept_hook_after_run.rs"
bytes = 5296
sha256 = "376ed9aa5cf7d2c3ef7e0f965d8a6929cccb44e6f2312cc810aa2aa63d62aeff"

[[generated_files]]
path = "src/tools/corcept_hook_after_subprocess_exit.rs"
bytes = 5436
sha256 = "5b06ed8e026b26e1d8351c3cdf6976dd344c7ced4c3670fa2496f4597d1bcd8b"

[[generated_files]]
path = "src/tools/corcept_hook_before_file_write.rs"
bytes = 5386
sha256 = "3ad09ba81d7be73d67f92216f37536ea910e6b3fab33b5e4521d0aeaa1d27865"

[[generated_files]]
path = "src/tools/corcept_hook_before_final_answer.rs"
bytes = 5437
sha256 = "f9c108dc8ad0b9bc7f7e16480c8c205831607204e3d2bf0514580b00cfbecf1f"

[[generated_files]]
path = "src/tools/corcept_hook_before_network_access.rs"
bytes = 5449
sha256 = "23d6354ec5fe65c87105f03fc612c5394efb5b9fc05ef8ea4cc086813445c043"

[[generated_files]]
path = "src/tools/corcept_hook_before_run.rs"
bytes = 5341
sha256 = "a74243c9ef0971f2d0fb0ad4abfc8b6056256d4f331c4f40793660dcf1fed58e"

[[generated_files]]
path = "src/tools/corcept_hook_before_subprocess_spawn.rs"
bytes = 5495
sha256 = "5b6eab1bcccf419f08af1116b1487ad35e9942cd170bd6e8bc9747198bbe0fdf"

[[generated_files]]
path = "src/tools/corcept_hook_on_claim_emitted.rs"
bytes = 5386
sha256 = "bfbcd8b77796d8c1afb1d0d8bc9a5d61669c7ad64d880551dcbf93d7aa4ca3dd"

[[generated_files]]
path = "src/tools/corcept_hook_on_error.rs"
bytes = 5265
sha256 = "a640640fb85f6c3d3faf44eb3a962185082aa6cb874c9900f5332cc7c3d78bca"

[[generated_files]]
path = "src/tools/corcept_hook_posttool_audit.rs"
bytes = 5510
sha256 = "bedb72e23080601d7e4ca9fdf29afc0056902c0fa028d960c0dc36fb3912a41e"

[[generated_files]]
path = "src/tools/corcept_hook_pretool_guard.rs"
bytes = 5489
sha256 = "d7a601fa542ae5811921e986b3ee5df4142e42b63af26832fe9ebfc29f593eaf"

[[generated_files]]
path = "src/tools/corcept_hook_session_start.rs"
bytes = 5354
sha256 = "73e9921387d4b92d9c542ca835943f751898c813be32c18866746e80eb744717"

[[generated_files]]
path = "src/tools/corcept_hook_stop_check.rs"
bytes = 5346
sha256 = "7fb430129af760bbd98f278e72534fcfe659515a5ca7161fcb41875842dc6ab6"

[[generated_files]]
path = "src/tools/corcept_hook_user_prompt_submit.rs"
bytes = 5414
sha256 = "4167265a3e3b8b4f52eaa22aff98474dca83e1e397b778c578882743a11aacc9"

[[generated_files]]
path = "src/tools/corcept_key_generate.rs"
bytes = 5538
sha256 = "8eab4719f76a6f2ecf27dc7da79a03c520e744f3a8a031047c979445eabd7df2"

[[generated_files]]
path = "src/tools/corcept_memory_promote.rs"
bytes = 5992
sha256 = "0121c4af5c922cd850d1253650338cd3de069b0b85522ad11053c7301742965c"

[[generated_files]]
path = "src/tools/mod.rs"
bytes = 725
sha256 = "9d0b272b647ef22e3682fbb5659a7f5638818051fca40ae95c5c1cbab70b3fb1"
