schema_version = "mcpact.lock.v1"
package_name = "corcept-mcp"
package_version = "0.6.0-pre.2"
generator = "mcpact-generate 0.1.0"
trust = "Reviewed"
source_manifest_sha256 = "9b91fe5cbadf7db15a826b7428058765fe46131091cb52707142a4c0b5c8adf4"

[[generated_files]]
path = ".mcpact/hosts/claude.json"
bytes = 133
sha256 = "60d906fdc04ccf13d13fc559941d393a0f1da952bd7f526b39d4e5815f6664ee"

[[generated_files]]
path = ".mcpact/hosts/codex.toml"
bytes = 194
sha256 = "a06d0272f58cae25df59e72291954a41418ee6d0126ac20734308aa8aca564de"

[[generated_files]]
path = ".mcpact/hosts/cursor.json"
bytes = 133
sha256 = "60d906fdc04ccf13d13fc559941d393a0f1da952bd7f526b39d4e5815f6664ee"

[[generated_files]]
path = ".mcpact/source.mcpact.toml"
bytes = 10843
sha256 = "9b91fe5cbadf7db15a826b7428058765fe46131091cb52707142a4c0b5c8adf4"

[[generated_files]]
path = ".mcpact/tools/corcept_audit_verify.json"
bytes = 1139
sha256 = "5eacdb486b804afe3f231aa7569cbb9f2fff6d75a82d4a1a05a79c8801cb888a"

[[generated_files]]
path = ".mcpact/tools/corcept_doctor.json"
bytes = 1272
sha256 = "d96a7cce5c4c4c659bf716ed2782187a7dc6fb219e06ffae480560b720684f18"

[[generated_files]]
path = ".mcpact/tools/corcept_export_cloudevents.json"
bytes = 1097
sha256 = "a6e22d797c7bc3e4d30e93d406fa8147cdf1456bfd39b8c346ee08a6659b5e7b"

[[generated_files]]
path = ".mcpact/tools/corcept_hook_posttool_audit.json"
bytes = 992
sha256 = "f0f52ffb84d7d8025b166efbb8afe9904bb4d8a1e33d56230bfcc1bee99f1682"

[[generated_files]]
path = ".mcpact/tools/corcept_hook_pretool_guard.json"
bytes = 1020
sha256 = "cde41117ad3e0347a7e0b49ae97f166f12cb7927f17447035a506c01fce96ffd"

[[generated_files]]
path = ".mcpact/tools/corcept_hook_session_start.json"
bytes = 876
sha256 = "d5f3d7ae5e99d4d21ed20aeefe7031acf73dde3f87b9ff606b388b7868bd4f27"

[[generated_files]]
path = ".mcpact/tools/corcept_hook_stop_check.json"
bytes = 904
sha256 = "854496c28e7861931b5d96df7d80a1b72c361baddbde1203f2a230802a5ff72f"

[[generated_files]]
path = ".mcpact/tools/corcept_hook_user_prompt_submit.json"
bytes = 894
sha256 = "2fa24c356452595e6fc633db35c6618164f2155564b5dd3282449d1956f52a15"

[[generated_files]]
path = ".mcpact/tools/corcept_key_generate.json"
bytes = 855
sha256 = "995c04cf814fcd6eb84234635a38b214a97220c99ce4d5346bc074f3c4c9a35a"

[[generated_files]]
path = "Cargo.toml"
bytes = 645
sha256 = "0407dc53cb071b6848877d354a9b7f20b793b47eda7a09067bad7bb427a14bc9"

[[generated_files]]
path = "README.md"
bytes = 3919
sha256 = "ae2d26fdcecfca859000fa24d6057e19c00b509cee60d1f0e487d249a4cf247f"

[[generated_files]]
path = "src/main.rs"
bytes = 1102
sha256 = "3dae2a0c182654c5391b5453b403264457557d5c58bf0bd33943f9f4ba7c4bb1"

[[generated_files]]
path = "src/server_config.rs"
bytes = 3378
sha256 = "8c298861e20303647b7c08caeaa9672c4c419f87182ebffdb984d7822290deea"

[[generated_files]]
path = "src/tools/corcept_audit_verify.rs"
bytes = 7239
sha256 = "54913300e64271c7f03146656c59ac70f07559793e80a173e0f64d1746b45b3a"

[[generated_files]]
path = "src/tools/corcept_doctor.rs"
bytes = 5776
sha256 = "899e8c7a11dcf3b65c2a27b6b67d2080bbb5a97c13341f2cbdeed41b2a7b845f"

[[generated_files]]
path = "src/tools/corcept_export_cloudevents.rs"
bytes = 5891
sha256 = "1c762f03f792abb37b2472f2b5c902602ea73531bcd2a5484cd5968313112774"

[[generated_files]]
path = "src/tools/corcept_hook_posttool_audit.rs"
bytes = 6029
sha256 = "5163a808795acb035d4fecc3b3d404fe5e8b8588649f87343ba3c8e12962bd0f"

[[generated_files]]
path = "src/tools/corcept_hook_pretool_guard.rs"
bytes = 6008
sha256 = "2a08a699c613c6987e6ae526363b66bff5803b530e683fde8c776de99ff9b664"

[[generated_files]]
path = "src/tools/corcept_hook_session_start.rs"
bytes = 5873
sha256 = "83f5614aaf50dc7ea9fa4d998762fccbe05dbb512fe6bda64a3f59dafe5d83ee"

[[generated_files]]
path = "src/tools/corcept_hook_stop_check.rs"
bytes = 5865
sha256 = "0ece620ebf1e51abe3040d4c4b6abcf9fe352a582d85562dd935b5cf6e45d383"

[[generated_files]]
path = "src/tools/corcept_hook_user_prompt_submit.rs"
bytes = 5933
sha256 = "0c1cd0fcceda99925476efd4ec4a348b811535bffb615aba03e47b18af0ac14a"

[[generated_files]]
path = "src/tools/corcept_key_generate.rs"
bytes = 5703
sha256 = "a6e6aef9ab9555182836ffdb55365d6918f9402b424caf1b673291cbcaf6e4d8"

[[generated_files]]
path = "src/tools/mod.rs"
bytes = 303
sha256 = "c0dba3e021e31092028ce781de3383c158ec8acc1f6c860a71360b38da67ed5e"
